{
  "pins" : [
    {
      "identity" : "baseapi",
      "kind" : "remoteSourceControl",
      "location" : "https://github.com/serhii-londar/BaseAPI.git",
      "state" : {
        "revision" : "f861b982abc38b75e2c5332e2e333a9da06bcf6a",
        "version" : "0.2.2"
      }
    }
  ],
  "version" : 2
}
